
Microsoft Visual Studio Solution File, Format Version 12.00
# Visual Studio Version 17
VisualStudioVersion = 17.12.35527.113
MinimumVisualStudioVersion = 10.0.40219.1
Project("{2150E333-8FDC-42A3-9474-1A3956D46DE8}") = "src", "src", "{5FA2668F-152D-4404-A9CB-B3B781091892}"
EndProject
Project("{FAE04EC0-301F-11D3-BF4B-00C04F79EFBC}") = "Domain", "Domain\Domain.csproj", "{E63FCCEF-7598-4BF0-AE8A-6A591B0A9993}"
EndProject
Project("{FAE04EC0-301F-11D3-BF4B-00C04F79EFBC}") = "Application", "Application\Application.csproj", "{7F2F8838-8ACB-44C1-9A0E-C778401FA27E}"
EndProject
Project("{2150E333-8FDC-42A3-9474-1A3956D46DE8}") = "Domain", "Domain", "{F7456A11-979B-438A-9058-D1B609D693F8}"
EndProject
Project("{2150E333-8FDC-42A3-9474-1A3956D46DE8}") = "Aplication", "Aplication", "{6410721B-83B1-4700-9355-754D6CC64550}"
EndProject
Project("{FAE04EC0-301F-11D3-BF4B-00C04F79EFBC}") = "Persistence", "Persistence\Persistence.csproj", "{D406CC56-34EA-4436-908D-C4773183E8E9}"
EndProject
Project("{2150E333-8FDC-42A3-9474-1A3956D46DE8}") = "Infrastructure", "Infrastructure", "{E86272D3-CBEF-48EC-A076-D15222E732D9}"
EndProject
Project("{FAE04EC0-301F-11D3-BF4B-00C04F79EFBC}") = "WebAPI", "WebAPI\WebAPI.csproj", "{518A111F-64C7-48B8-A4E1-C0EA0D0F11A6}"
EndProject
Project("{FAE04EC0-301F-11D3-BF4B-00C04F79EFBC}") = "Identity", "Identity\Identity.csproj", "{433E8940-B70B-4EF7-9A23-36703ED3A9B8}"
EndProject
Project("{FAE04EC0-301F-11D3-BF4B-00C04F79EFBC}") = "Utilities", "Utils\Utilities.csproj", "{E808AE8E-7D8C-408E-B4FB-546EA6DAFACA}"
EndProject
Project("{FAE04EC0-301F-11D3-BF4B-00C04F79EFBC}") = "approval document test", "approval document test\approval document test.csproj", "{53D08D66-5467-4D36-873B-95431B1666DA}"
EndProject
Global
	GlobalSection(SolutionConfigurationPlatforms) = preSolution
		Debug|Any CPU = Debug|Any CPU
		Release|Any CPU = Release|Any CPU
	EndGlobalSection
	GlobalSection(ProjectConfigurationPlatforms) = postSolution
		{E63FCCEF-7598-4BF0-AE8A-6A591B0A9993}.Debug|Any CPU.ActiveCfg = Debug|Any CPU
		{E63FCCEF-7598-4BF0-AE8A-6A591B0A9993}.Debug|Any CPU.Build.0 = Debug|Any CPU
		{E63FCCEF-7598-4BF0-AE8A-6A591B0A9993}.Release|Any CPU.ActiveCfg = Release|Any CPU
		{E63FCCEF-7598-4BF0-AE8A-6A591B0A9993}.Release|Any CPU.Build.0 = Release|Any CPU
		{7F2F8838-8ACB-44C1-9A0E-C778401FA27E}.Debug|Any CPU.ActiveCfg = Debug|Any CPU
		{7F2F8838-8ACB-44C1-9A0E-C778401FA27E}.Debug|Any CPU.Build.0 = Debug|Any CPU
		{7F2F8838-8ACB-44C1-9A0E-C778401FA27E}.Release|Any CPU.ActiveCfg = Release|Any CPU
		{7F2F8838-8ACB-44C1-9A0E-C778401FA27E}.Release|Any CPU.Build.0 = Release|Any CPU
		{D406CC56-34EA-4436-908D-C4773183E8E9}.Debug|Any CPU.ActiveCfg = Debug|Any CPU
		{D406CC56-34EA-4436-908D-C4773183E8E9}.Debug|Any CPU.Build.0 = Debug|Any CPU
		{D406CC56-34EA-4436-908D-C4773183E8E9}.Release|Any CPU.ActiveCfg = Release|Any CPU
		{D406CC56-34EA-4436-908D-C4773183E8E9}.Release|Any CPU.Build.0 = Release|Any CPU
		{518A111F-64C7-48B8-A4E1-C0EA0D0F11A6}.Debug|Any CPU.ActiveCfg = Debug|Any CPU
		{518A111F-64C7-48B8-A4E1-C0EA0D0F11A6}.Debug|Any CPU.Build.0 = Debug|Any CPU
		{518A111F-64C7-48B8-A4E1-C0EA0D0F11A6}.Release|Any CPU.ActiveCfg = Release|Any CPU
		{518A111F-64C7-48B8-A4E1-C0EA0D0F11A6}.Release|Any CPU.Build.0 = Release|Any CPU
		{433E8940-B70B-4EF7-9A23-36703ED3A9B8}.Debug|Any CPU.ActiveCfg = Debug|Any CPU
		{433E8940-B70B-4EF7-9A23-36703ED3A9B8}.Debug|Any CPU.Build.0 = Debug|Any CPU
		{433E8940-B70B-4EF7-9A23-36703ED3A9B8}.Release|Any CPU.ActiveCfg = Release|Any CPU
		{433E8940-B70B-4EF7-9A23-36703ED3A9B8}.Release|Any CPU.Build.0 = Release|Any CPU
		{E808AE8E-7D8C-408E-B4FB-546EA6DAFACA}.Debug|Any CPU.ActiveCfg = Debug|Any CPU
		{E808AE8E-7D8C-408E-B4FB-546EA6DAFACA}.Debug|Any CPU.Build.0 = Debug|Any CPU
		{E808AE8E-7D8C-408E-B4FB-546EA6DAFACA}.Release|Any CPU.ActiveCfg = Release|Any CPU
		{E808AE8E-7D8C-408E-B4FB-546EA6DAFACA}.Release|Any CPU.Build.0 = Release|Any CPU
		{53D08D66-5467-4D36-873B-95431B1666DA}.Debug|Any CPU.ActiveCfg = Debug|Any CPU
		{53D08D66-5467-4D36-873B-95431B1666DA}.Debug|Any CPU.Build.0 = Debug|Any CPU
		{53D08D66-5467-4D36-873B-95431B1666DA}.Release|Any CPU.ActiveCfg = Release|Any CPU
		{53D08D66-5467-4D36-873B-95431B1666DA}.Release|Any CPU.Build.0 = Release|Any CPU
	EndGlobalSection
	GlobalSection(SolutionProperties) = preSolution
		HideSolutionNode = FALSE
	EndGlobalSection
	GlobalSection(NestedProjects) = preSolution
		{E63FCCEF-7598-4BF0-AE8A-6A591B0A9993} = {F7456A11-979B-438A-9058-D1B609D693F8}
		{7F2F8838-8ACB-44C1-9A0E-C778401FA27E} = {6410721B-83B1-4700-9355-754D6CC64550}
		{F7456A11-979B-438A-9058-D1B609D693F8} = {5FA2668F-152D-4404-A9CB-B3B781091892}
		{6410721B-83B1-4700-9355-754D6CC64550} = {5FA2668F-152D-4404-A9CB-B3B781091892}
		{D406CC56-34EA-4436-908D-C4773183E8E9} = {E86272D3-CBEF-48EC-A076-D15222E732D9}
		{E86272D3-CBEF-48EC-A076-D15222E732D9} = {5FA2668F-152D-4404-A9CB-B3B781091892}
		{433E8940-B70B-4EF7-9A23-36703ED3A9B8} = {E86272D3-CBEF-48EC-A076-D15222E732D9}
		{E808AE8E-7D8C-408E-B4FB-546EA6DAFACA} = {E86272D3-CBEF-48EC-A076-D15222E732D9}
	EndGlobalSection
	GlobalSection(ExtensibilityGlobals) = postSolution
		SolutionGuid = {CA93F1E8-66E0-4771-A1DC-B83628A3074B}
	EndGlobalSection
EndGlobal
